
Microsoft Visual Studio Solution File, Format Version 12.00
# Visual Studio Version 17
VisualStudioVersion = 17.0.32112.339
MinimumVisualStudioVersion = 10.0.40219.1
Project("{2150E333-8FDC-42A3-9474-1A3956D46DE8}") = "ApiGateways", "ApiGateways", "{A39F0CDE-2501-4445-A829-1D2525488325}"
EndProject
Project("{2150E333-8FDC-42A3-9474-1A3956D46DE8}") = "Services", "Services", "{1928E39D-499E-4EEF-84E8-02507BD89EB5}"
EndProject
Project("{2150E333-8FDC-42A3-9474-1A3956D46DE8}") = "BuildingBlocks", "BuildingBlocks", "{74976C77-37CF-46CD-B606-CF5682771CA3}"
EndProject
Project("{2150E333-8FDC-42A3-9474-1A3956D46DE8}") = "Game", "Game", "{0C10234A-CB78-488F-9130-6349DFDBEFBD}"
EndProject
Project("{2150E333-8FDC-42A3-9474-1A3956D46DE8}") = "Movie", "Movie", "{2AA44049-16AE-4EC7-9623-B7C89C7F2E8E}"
EndProject
Project("{2150E333-8FDC-42A3-9474-1A3956D46DE8}") = "Inventory", "Inventory", "{E7BB8FCA-7CAB-4E5F-A15D-C18A939214E5}"
EndProject
Project("{2150E333-8FDC-42A3-9474-1A3956D46DE8}") = "RefData", "RefData", "{4523F1F4-9EFE-4AE0-87DC-02B6A478F46A}"
EndProject
Project("{FAE04EC0-301F-11D3-BF4B-00C04F79EFBC}") = "Game.API", "Services\Game\Game.API\Game.API.csproj", "{82A8837F-1E56-4A68-A9EC-C0253511D399}"
EndProject
Project("{FAE04EC0-301F-11D3-BF4B-00C04F79EFBC}") = "Inventory.API", "Services\Inventory\Inventory.API\Inventory.API.csproj", "{92C56EE1-00ED-413E-8400-21D6D09D7548}"
EndProject
Project("{FAE04EC0-301F-11D3-BF4B-00C04F79EFBC}") = "RefData.API", "Services\RefData\RefData.API\RefData.API.csproj", "{5EA230AF-B512-4E3E-B64A-C597DF98419A}"
EndProject
Project("{9A19103F-16F7-4668-BE54-9A1E7A4F7556}") = "Movie.API", "Services\Movie\Movie.API\Movie.API.csproj", "{92561177-C4F6-4016-AADC-97C8EE95A9D3}"
EndProject
Global
	GlobalSection(SolutionConfigurationPlatforms) = preSolution
		Debug|Any CPU = Debug|Any CPU
		Release|Any CPU = Release|Any CPU
	EndGlobalSection
	GlobalSection(ProjectConfigurationPlatforms) = postSolution
		{82A8837F-1E56-4A68-A9EC-C0253511D399}.Debug|Any CPU.ActiveCfg = Debug|Any CPU
		{82A8837F-1E56-4A68-A9EC-C0253511D399}.Debug|Any CPU.Build.0 = Debug|Any CPU
		{82A8837F-1E56-4A68-A9EC-C0253511D399}.Release|Any CPU.ActiveCfg = Release|Any CPU
		{82A8837F-1E56-4A68-A9EC-C0253511D399}.Release|Any CPU.Build.0 = Release|Any CPU
		{92C56EE1-00ED-413E-8400-21D6D09D7548}.Debug|Any CPU.ActiveCfg = Debug|Any CPU
		{92C56EE1-00ED-413E-8400-21D6D09D7548}.Debug|Any CPU.Build.0 = Debug|Any CPU
		{92C56EE1-00ED-413E-8400-21D6D09D7548}.Release|Any CPU.ActiveCfg = Release|Any CPU
		{92C56EE1-00ED-413E-8400-21D6D09D7548}.Release|Any CPU.Build.0 = Release|Any CPU
		{5EA230AF-B512-4E3E-B64A-C597DF98419A}.Debug|Any CPU.ActiveCfg = Debug|Any CPU
		{5EA230AF-B512-4E3E-B64A-C597DF98419A}.Debug|Any CPU.Build.0 = Debug|Any CPU
		{5EA230AF-B512-4E3E-B64A-C597DF98419A}.Release|Any CPU.ActiveCfg = Release|Any CPU
		{5EA230AF-B512-4E3E-B64A-C597DF98419A}.Release|Any CPU.Build.0 = Release|Any CPU
		{92561177-C4F6-4016-AADC-97C8EE95A9D3}.Debug|Any CPU.ActiveCfg = Debug|Any CPU
		{92561177-C4F6-4016-AADC-97C8EE95A9D3}.Debug|Any CPU.Build.0 = Debug|Any CPU
		{92561177-C4F6-4016-AADC-97C8EE95A9D3}.Release|Any CPU.ActiveCfg = Release|Any CPU
		{92561177-C4F6-4016-AADC-97C8EE95A9D3}.Release|Any CPU.Build.0 = Release|Any CPU
	EndGlobalSection
	GlobalSection(SolutionProperties) = preSolution
		HideSolutionNode = FALSE
	EndGlobalSection
	GlobalSection(NestedProjects) = preSolution
		{0C10234A-CB78-488F-9130-6349DFDBEFBD} = {1928E39D-499E-4EEF-84E8-02507BD89EB5}
		{2AA44049-16AE-4EC7-9623-B7C89C7F2E8E} = {1928E39D-499E-4EEF-84E8-02507BD89EB5}
		{E7BB8FCA-7CAB-4E5F-A15D-C18A939214E5} = {1928E39D-499E-4EEF-84E8-02507BD89EB5}
		{4523F1F4-9EFE-4AE0-87DC-02B6A478F46A} = {1928E39D-499E-4EEF-84E8-02507BD89EB5}
		{82A8837F-1E56-4A68-A9EC-C0253511D399} = {0C10234A-CB78-488F-9130-6349DFDBEFBD}
		{92C56EE1-00ED-413E-8400-21D6D09D7548} = {E7BB8FCA-7CAB-4E5F-A15D-C18A939214E5}
		{5EA230AF-B512-4E3E-B64A-C597DF98419A} = {4523F1F4-9EFE-4AE0-87DC-02B6A478F46A}
		{92561177-C4F6-4016-AADC-97C8EE95A9D3} = {2AA44049-16AE-4EC7-9623-B7C89C7F2E8E}
	EndGlobalSection
	GlobalSection(ExtensibilityGlobals) = postSolution
		SolutionGuid = {BA75D78A-7A7A-471B-AACE-A2C1CA11F010}
	EndGlobalSection
EndGlobal
